
Microsoft Visual Studio Solution File, Format Version 12.00
# Visual Studio 15
VisualStudioVersion = 15.0.27130.2020
MinimumVisualStudioVersion = 10.0.40219.1
Project("{FAE04EC0-301F-11D3-BF4B-00C04F79EFBC}") = "lab33", "lab33\lab33.csproj", "{20A32E40-16D5-4851-996A-5EC30C074231}"
EndProject
Global
	GlobalSection(SolutionConfigurationPlatforms) = preSolution
		Debug|Any CPU = Debug|Any CPU
		Release|Any CPU = Release|Any CPU
	EndGlobalSection
	GlobalSection(ProjectConfigurationPlatforms) = postSolution
		{20A32E40-16D5-4851-996A-5EC30C074231}.Debug|Any CPU.ActiveCfg = Debug|Any CPU
		{20A32E40-16D5-4851-996A-5EC30C074231}.Debug|Any CPU.Build.0 = Debug|Any CPU
		{20A32E40-16D5-4851-996A-5EC30C074231}.Release|Any CPU.ActiveCfg = Release|Any CPU
		{20A32E40-16D5-4851-996A-5EC30C074231}.Release|Any CPU.Build.0 = Release|Any CPU
	EndGlobalSection
	GlobalSection(SolutionProperties) = preSolution
		HideSolutionNode = FALSE
	EndGlobalSection
	GlobalSection(ExtensibilityGlobals) = postSolution
		SolutionGuid = {08E333AC-E66E-47F5-A440-1CB4D99985A1}
	EndGlobalSection
EndGlobal
