
Microsoft Visual Studio Solution File, Format Version 12.00
# Visual Studio 15
VisualStudioVersion = 15.0.27130.2020
MinimumVisualStudioVersion = 10.0.40219.1
Project("{FAE04EC0-301F-11D3-BF4B-00C04F79EFBC}") = "Area Treugilnik", "Area Treugilnik\Area Treugilnik.csproj", "{9E1E2CA9-8DC7-446C-9699-ADC812D5A93B}"
EndProject
Global
	GlobalSection(SolutionConfigurationPlatforms) = preSolution
		Debug|Any CPU = Debug|Any CPU
		Release|Any CPU = Release|Any CPU
	EndGlobalSection
	GlobalSection(ProjectConfigurationPlatforms) = postSolution
		{9E1E2CA9-8DC7-446C-9699-ADC812D5A93B}.Debug|Any CPU.ActiveCfg = Debug|Any CPU
		{9E1E2CA9-8DC7-446C-9699-ADC812D5A93B}.Debug|Any CPU.Build.0 = Debug|Any CPU
		{9E1E2CA9-8DC7-446C-9699-ADC812D5A93B}.Release|Any CPU.ActiveCfg = Release|Any CPU
		{9E1E2CA9-8DC7-446C-9699-ADC812D5A93B}.Release|Any CPU.Build.0 = Release|Any CPU
	EndGlobalSection
	GlobalSection(SolutionProperties) = preSolution
		HideSolutionNode = FALSE
	EndGlobalSection
	GlobalSection(ExtensibilityGlobals) = postSolution
		SolutionGuid = {38501188-2F5E-4F71-9F08-A893074B2CB6}
	EndGlobalSection
EndGlobal
