
Microsoft Visual Studio Solution File, Format Version 12.00
# Visual Studio 15
VisualStudioVersion = 15.0.27130.2020
MinimumVisualStudioVersion = 10.0.40219.1
Project("{FAE04EC0-301F-11D3-BF4B-00C04F79EFBC}") = "Farrr", "Farrr\Farrr.csproj", "{6B053681-73F9-4D7E-B80D-0802C487E5D2}"
EndProject
Global
	GlobalSection(SolutionConfigurationPlatforms) = preSolution
		Debug|Any CPU = Debug|Any CPU
		Release|Any CPU = Release|Any CPU
	EndGlobalSection
	GlobalSection(ProjectConfigurationPlatforms) = postSolution
		{6B053681-73F9-4D7E-B80D-0802C487E5D2}.Debug|Any CPU.ActiveCfg = Debug|Any CPU
		{6B053681-73F9-4D7E-B80D-0802C487E5D2}.Debug|Any CPU.Build.0 = Debug|Any CPU
		{6B053681-73F9-4D7E-B80D-0802C487E5D2}.Release|Any CPU.ActiveCfg = Release|Any CPU
		{6B053681-73F9-4D7E-B80D-0802C487E5D2}.Release|Any CPU.Build.0 = Release|Any CPU
	EndGlobalSection
	GlobalSection(SolutionProperties) = preSolution
		HideSolutionNode = FALSE
	EndGlobalSection
	GlobalSection(ExtensibilityGlobals) = postSolution
		SolutionGuid = {A9817521-3E5F-477F-B327-9FD827FAFF67}
	EndGlobalSection
EndGlobal
